{
  "name": "codekit-project",
  "version": "1.0.0",
  "lockfileVersion": 3,
  "requires": true,
  "packages": {
    "": {
      "name": "codekit-project",
      "version": "1.0.0",
      "license": "UNLICENSED",
      "dependencies": {
        "aos": "^2.3.4",
        "jarallax": "^3.0.0",
        "lity": "^2.4.1",
        "tiny-slider": "^2.9.4",
        "video-worker": "^3.0.0"
      }
    },
    "node_modules/aos": {
      "version": "2.3.4",
      "resolved": "https://registry.npmjs.org/aos/-/aos-2.3.4.tgz",
      "integrity": "sha512-zh/ahtR2yME4I51z8IttIt4lC1Nw0ktsFtmeDzID1m9naJnWXhCoARaCgNOGXb5CLy3zm+wqmRAEgMYB5E2HUw==",
      "license": "MIT",
      "dependencies": {
        "classlist-polyfill": "^1.0.3",
        "lodash.debounce": "^4.0.6",
        "lodash.throttle": "^4.0.1"
      }
    },
    "node_modules/classlist-polyfill": {
      "version": "1.2.0",
      "resolved": "https://registry.npmjs.org/classlist-polyfill/-/classlist-polyfill-1.2.0.tgz",
      "integrity": "sha512-GzIjNdcEtH4ieA2S8NmrSxv7DfEV5fmixQeyTmqmRmRJPGpRBaSnA2a0VrCjyT8iW8JjEdMbKzDotAJf+ajgaQ==",
      "license": "Unlicense"
    },
    "node_modules/jarallax": {
      "version": "3.0.0",
      "resolved": "https://registry.npmjs.org/jarallax/-/jarallax-3.0.0.tgz",
      "integrity": "sha512-ucmddehud0d3vzGNl3IhAGPvtMIlC1CrPYNgT4SVYCwohHAt0khcjlGvB1ukcy0o3hriW1PTsoln/oicvvYT0w==",
      "license": "MIT",
      "dependencies": {
        "video-worker": "^3.0.0"
      },
      "peerDependencies": {
        "react": ">=18.0.0",
        "react-dom": ">=18.0.0"
      }
    },
    "node_modules/jquery": {
      "version": "4.0.0",
      "resolved": "https://registry.npmjs.org/jquery/-/jquery-4.0.0.tgz",
      "integrity": "sha512-TXCHVR3Lb6TZdtw1l3RTLf8RBWVGexdxL6AC8/e0xZKEpBflBsjh9/8LXw+dkNFuOyW9B7iB3O1sP7hS0Kiacg==",
      "license": "MIT",
      "peer": true
    },
    "node_modules/lity": {
      "version": "2.4.1",
      "resolved": "https://registry.npmjs.org/lity/-/lity-2.4.1.tgz",
      "integrity": "sha512-SVCYf+urp9tgGITi8RIJlzl6cMH6/gl16vkwOscLzN+5I1+/vxYbypbWMeHmbYCwGflq35bcvtzh6RxROWjSTw==",
      "license": "MIT",
      "peerDependencies": {
        "jquery": ">=1.7"
      }
    },
    "node_modules/lodash.debounce": {
      "version": "4.0.8",
      "resolved": "https://registry.npmjs.org/lodash.debounce/-/lodash.debounce-4.0.8.tgz",
      "integrity": "sha512-FT1yDzDYEoYWhnSGnpE/4Kj1fLZkDFyqRb7fNt6FdYOSxlUWAtp42Eh6Wb0rGIv/m9Bgo7x4GhQbm5Ys4SG5ow==",
      "license": "MIT"
    },
    "node_modules/lodash.throttle": {
      "version": "4.1.1",
      "resolved": "https://registry.npmjs.org/lodash.throttle/-/lodash.throttle-4.1.1.tgz",
      "integrity": "sha512-wIkUCfVKpVsWo3JSZlc+8MB5it+2AN5W8J7YVMST30UrvcQNZ1Okbj+rbVniijTWE6FGYy4XJq/rHkas8qJMLQ==",
      "license": "MIT"
    },
    "node_modules/react": {
      "version": "19.2.4",
      "resolved": "https://registry.npmjs.org/react/-/react-19.2.4.tgz",
      "integrity": "sha512-9nfp2hYpCwOjAN+8TZFGhtWEwgvWHXqESH8qT89AT/lWklpLON22Lc8pEtnpsZz7VmawabSU0gCjnj8aC0euHQ==",
      "license": "MIT",
      "peer": true,
      "engines": {
        "node": ">=0.10.0"
      }
    },
    "node_modules/react-dom": {
      "version": "19.2.4",
      "resolved": "https://registry.npmjs.org/react-dom/-/react-dom-19.2.4.tgz",
      "integrity": "sha512-AXJdLo8kgMbimY95O2aKQqsz2iWi9jMgKJhRBAxECE4IFxfcazB2LmzloIoibJI3C12IlY20+KFaLv+71bUJeQ==",
      "license": "MIT",
      "peer": true,
      "dependencies": {
        "scheduler": "^0.27.0"
      },
      "peerDependencies": {
        "react": "^19.2.4"
      }
    },
    "node_modules/scheduler": {
      "version": "0.27.0",
      "resolved": "https://registry.npmjs.org/scheduler/-/scheduler-0.27.0.tgz",
      "integrity": "sha512-eNv+WrVbKu1f3vbYJT/xtiF5syA5HPIMtf9IgY/nKg0sWqzAUEvqY/xm7OcZc/qafLx/iO9FgOmeSAp4v5ti/Q==",
      "license": "MIT",
      "peer": true
    },
    "node_modules/tiny-slider": {
      "version": "2.9.4",
      "resolved": "https://registry.npmjs.org/tiny-slider/-/tiny-slider-2.9.4.tgz",
      "integrity": "sha512-LAs2kldWcY+BqCKw4kxd4CMx2RhWrHyEePEsymlOIISTlOVkjfK40sSD7ay73eKXBLg/UkluAZpcfCstimHXew==",
      "license": "MIT"
    },
    "node_modules/video-worker": {
      "version": "3.0.0",
      "resolved": "https://registry.npmjs.org/video-worker/-/video-worker-3.0.0.tgz",
      "integrity": "sha512-fefwkS07diRNIPQYJf3IHaEDnHrajH9et39L6akiwtqWPPh1Ptz/dpmegLnkY4xFearW1gIVP1zXRitywmuCKg==",
      "license": "MIT"
    }
  }
}
